
Microsoft Visual Studio Solution File, Format Version 12.00
# Visual Studio Version 17
VisualStudioVersion = 17.10.35027.167
MinimumVisualStudioVersion = 10.0.40219.1
Project("{FAE04EC0-301F-11D3-BF4B-00C04F79EFBC}") = "IdentityUserTestApi", "IdentityUserTestApi.csproj", "{C5AB1679-9023-4A80-B3E8-CC83952499DA}"
EndProject
Global
	GlobalSection(SolutionConfigurationPlatforms) = preSolution
		Debug|Any CPU = Debug|Any CPU
		Release|Any CPU = Release|Any CPU
	EndGlobalSection
	GlobalSection(ProjectConfigurationPlatforms) = postSolution
		{C5AB1679-9023-4A80-B3E8-CC83952499DA}.Debug|Any CPU.ActiveCfg = Debug|Any CPU
		{C5AB1679-9023-4A80-B3E8-CC83952499DA}.Debug|Any CPU.Build.0 = Debug|Any CPU
		{C5AB1679-9023-4A80-B3E8-CC83952499DA}.Release|Any CPU.ActiveCfg = Release|Any CPU
		{C5AB1679-9023-4A80-B3E8-CC83952499DA}.Release|Any CPU.Build.0 = Release|Any CPU
	EndGlobalSection
	GlobalSection(SolutionProperties) = preSolution
		HideSolutionNode = FALSE
	EndGlobalSection
	GlobalSection(ExtensibilityGlobals) = postSolution
		SolutionGuid = {C5EB3CA5-F68B-43AA-947A-D029F336588A}
	EndGlobalSection
EndGlobal
